github.com/ChristopherDavenport/agenttool v0.0.10 h1:N59VfLCB78EqP9mkIydIhBNJbcT5OUkcJZkyeisYgMw=
github.com/ChristopherDavenport/agenttool v0.0.10/go.mod h1:7XGX4PGUU01SxN/H94FYTZ9QhKyM8YNBYyJW1tBYY30=
github.com/ChristopherDavenport/agentturn v0.0.11 h1:VCpgXQX+FSJMFPO6foThMrl1qiJ5aZ7Fte2inhZqZ/Q=
github.com/ChristopherDavenport/agentturn v0.0.11/go.mod h1:zKRp4lDFXaUyS6kJrTAnmynEfLO1R4Z6mkDUu8Ves4o=
github.com/ChristopherDavenport/openresponses v0.0.12 h1:Cg4gYqf1ZMVQhYRmD94f068OLUQEv4rIK/9bl8EBUA4=
github.com/ChristopherDavenport/openresponses v0.0.12/go.mod h1:oZT6GCySXw3+vL5LzrJrRI5qagBumqvwDZdp6Kr++a8=
go.yaml.in/yaml/v3 v3.0.5 h1:N6y/pJk8buWs9NY5ERU2HSMfm+IuD/OtfdAnq6kESPw=
go.yaml.in/yaml/v3 v3.0.5/go.mod h1:HVTZu1O7/Vkt2N+BFy8Zza+lnLsABggaTM2ZpNIGuKg=
