github.com/ChristopherDavenport/agenttool v0.0.7 h1:PtbNlYHVhH2gSD4HicpdDcVGA+UOzPmRsoJeV0mzYpU=
github.com/ChristopherDavenport/agenttool v0.0.7/go.mod h1:7XGX4PGUU01SxN/H94FYTZ9QhKyM8YNBYyJW1tBYY30=
github.com/ChristopherDavenport/agentturn v0.0.8 h1:dHHhAVY7tUlhAq7ELa6B/CFYrtWOc34S5eFSy/kcDds=
github.com/ChristopherDavenport/agentturn v0.0.8/go.mod h1:Nz4OCfE9rNgp/TnRtGf4moozSnUezulhqAFEJarDlYo=
github.com/ChristopherDavenport/openresponses v0.0.12 h1:Cg4gYqf1ZMVQhYRmD94f068OLUQEv4rIK/9bl8EBUA4=
github.com/ChristopherDavenport/openresponses v0.0.12/go.mod h1:oZT6GCySXw3+vL5LzrJrRI5qagBumqvwDZdp6Kr++a8=
go.yaml.in/yaml/v3 v3.0.5 h1:N6y/pJk8buWs9NY5ERU2HSMfm+IuD/OtfdAnq6kESPw=
go.yaml.in/yaml/v3 v3.0.5/go.mod h1:HVTZu1O7/Vkt2N+BFy8Zza+lnLsABggaTM2ZpNIGuKg=
