github.com/ChristopherDavenport/agenttool v0.0.11 h1:YEQIx6RwDReMZ3oGmrY2W0j6kYwyNjWRLqO7qLUvXKo=
github.com/ChristopherDavenport/agenttool v0.0.11/go.mod h1:7XGX4PGUU01SxN/H94FYTZ9QhKyM8YNBYyJW1tBYY30=
github.com/ChristopherDavenport/agentturn v0.0.12 h1:nLCVQ+8LtniPY7CphskndvdTuBlZMNzuDFejTVE52LM=
github.com/ChristopherDavenport/agentturn v0.0.12/go.mod h1:EK5+I5g3KfOnsQRucVbil38eqgJr5r5S+T8wZmCEFrg=
github.com/ChristopherDavenport/openresponses v0.0.12 h1:Cg4gYqf1ZMVQhYRmD94f068OLUQEv4rIK/9bl8EBUA4=
github.com/ChristopherDavenport/openresponses v0.0.12/go.mod h1:oZT6GCySXw3+vL5LzrJrRI5qagBumqvwDZdp6Kr++a8=
go.yaml.in/yaml/v3 v3.0.5 h1:N6y/pJk8buWs9NY5ERU2HSMfm+IuD/OtfdAnq6kESPw=
go.yaml.in/yaml/v3 v3.0.5/go.mod h1:HVTZu1O7/Vkt2N+BFy8Zza+lnLsABggaTM2ZpNIGuKg=
